Microsoft Visual Studio Solution File, Format Version 12.00
# Visual Studio 15
VisualStudioVersion = 15.0.26430.14
MinimumVisualStudioVersion = 10.0.40219.1
Project("{FAE04EC0-301F-11D3-BF4B-00C04F79EFBC}") = "EasyBimehLanding.Standard", "EasyBimehLanding.Standard/EasyBimehLanding.Standard.csproj", "{bb481906-957b-4e1a-94a0-33ea52e5794d}"
EndProject
Project("{FAE04EC0-301F-11D3-BF4B-00C04F79EFBC}") = "EasyBimehLanding.Tests", "EasyBimehLanding.Tests/EasyBimehLanding.Tests.csproj", "{0c1032d3-aca5-4e27-a0df-db4763359dce}"
EndProject
Global
    GlobalSection(SolutionConfigurationPlatforms) = preSolution
        Debug|Any CPU = Debug|Any CPU
        Release|Any CPU = Release|Any CPU
    EndGlobalSection
    GlobalSection(ProjectConfigurationPlatforms) = postSolution
        {bb481906-957b-4e1a-94a0-33ea52e5794d}.Debug|Any CPU.ActiveCfg = Debug|Any CPU
        {bb481906-957b-4e1a-94a0-33ea52e5794d}.Debug|Any CPU.Build.0 = Debug|Any CPU
        {bb481906-957b-4e1a-94a0-33ea52e5794d}.Release|Any CPU.ActiveCfg = Release|Any CPU
        {bb481906-957b-4e1a-94a0-33ea52e5794d}.Release|Any CPU.Build.0 = Release|Any CPU
        {0c1032d3-aca5-4e27-a0df-db4763359dce}.Debug|Any CPU.ActiveCfg = Debug|Any CPU
        {0c1032d3-aca5-4e27-a0df-db4763359dce}.Debug|Any CPU.Build.0 = Debug|Any CPU
        {0c1032d3-aca5-4e27-a0df-db4763359dce}.Release|Any CPU.ActiveCfg = Release|Any CPU
        {0c1032d3-aca5-4e27-a0df-db4763359dce}.Release|Any CPU.Build.0 = Release|Any CPU
    EndGlobalSection
    GlobalSection(SolutionProperties) = preSolution
        HideSolutionNode = FALSE
    EndGlobalSection
EndGlobal
